// !$*UTF8*$!
{
	archiveVersion = 1;
	classes = {
	};
	objectVersion = 42;
	objects = {

/* Begin PBXBuildFile section */
		1F0A29BF0AA26CE70052FE03 /* JMController.mm in Sources */ = {isa = PBXBuildFile; fileRef = 1F0A29BE0AA26CE70052FE03 /* JMController.mm */; };
		1F16C6030A9F71AB002CDC4A /* QTKit.framework in Frameworks */ = {isa = PBXBuildFile; fileRef = 1F16C5D10A9F71AB002CDC4A /* QTKit.framework */; };
		1F16C6040A9F71AB002CDC4A /* QuickTime.framework in Frameworks */ = {isa = PBXBuildFile; fileRef = 1F16C5D20A9F71AB002CDC4A /* QuickTime.framework */; };
		1F16C6140A9F71BB002CDC4A /* CoreServices.framework in Frameworks */ = {isa = PBXBuildFile; fileRef = 1F16C6050A9F71BB002CDC4A /* CoreServices.framework */; };
		1F9AEC740A9F7636004BB7E4 /* QTMovieExtensions.m in Sources */ = {isa = PBXBuildFile; fileRef = 1F16C58F0A9F691E002CDC4A /* QTMovieExtensions.m */; };
		1F9AF0480AA2495B004BB7E4 /* emptyMovie.mov in Resources */ = {isa = PBXBuildFile; fileRef = 1F9AF0470AA2495B004BB7E4 /* emptyMovie.mov */; };
		1FD17BBC0A9BD85D00668490 /* JMView.mm in Sources */ = {isa = PBXBuildFile; fileRef = 1FD17BBA0A9BD85D00668490 /* JMView.mm */; };
		1FD17CC50A9BFCCF00668490 /* JMInspector.nib in Resources */ = {isa = PBXBuildFile; fileRef = 1FD17CC40A9BFCCF00668490 /* JMInspector.nib */; };
		1FD17D970A9C838A00668490 /* error.png in Resources */ = {isa = PBXBuildFile; fileRef = 1FD17D960A9C838A00668490 /* error.png */; };
		1FD17E410A9C8E9E00668490 /* jmlib.cpp in Sources */ = {isa = PBXBuildFile; fileRef = 1FD17B350A9BD45800668490 /* jmlib.cpp */; };
		1FD17E420A9C8E9E00668490 /* patterns.cpp in Sources */ = {isa = PBXBuildFile; fileRef = 1FD17B3A0A9BD45800668490 /* patterns.cpp */; };
		1FD17E430A9C8E9E00668490 /* prefs.cpp in Sources */ = {isa = PBXBuildFile; fileRef = 1FD17B3C0A9BD45800668490 /* prefs.cpp */; };
		1FD17E440A9C8E9E00668490 /* randompatt.cpp in Sources */ = {isa = PBXBuildFile; fileRef = 1FD17B3E0A9BD45800668490 /* randompatt.cpp */; };
		1FD17E450A9C8E9E00668490 /* util.cpp in Sources */ = {isa = PBXBuildFile; fileRef = 1FD17B410A9BD45800668490 /* util.cpp */; };
		1FD17E460A9C8E9E00668490 /* validator.cpp in Sources */ = {isa = PBXBuildFile; fileRef = 1FD17B430A9BD45800668490 /* validator.cpp */; };
		1FD17EC50A9CB6B300668490 /* error2.png in Resources */ = {isa = PBXBuildFile; fileRef = 1FD17EC40A9CB6B300668490 /* error2.png */; };
		1FD17EFF0A9CD0DA00668490 /* InstantTextField.m in Sources */ = {isa = PBXBuildFile; fileRef = 1FD17EFE0A9CD0DA00668490 /* InstantTextField.m */; };
		1FD17F080A9CD77C00668490 /* JuggleMaster.icns in Resources */ = {isa = PBXBuildFile; fileRef = 1FD17F070A9CD77C00668490 /* JuggleMaster.icns */; };
		8D11072A0486CEB800E47090 /* MainMenu.nib in Resources */ = {isa = PBXBuildFile; fileRef = 29B97318FDCFA39411CA2CEA /* MainMenu.nib */; };
		8D11072B0486CEB800E47090 /* InfoPlist.strings in Resources */ = {isa = PBXBuildFile; fileRef = 089C165CFE840E0CC02AAC07 /* InfoPlist.strings */; };
		8D11072D0486CEB800E47090 /* main.m in Sources */ = {isa = PBXBuildFile; fileRef = 29B97316FDCFA39411CA2CEA /* main.m */; settings = {ATTRIBUTES = (); }; };
		8D11072F0486CEB800E47090 /* Cocoa.framework in Frameworks */ = {isa = PBXBuildFile; fileRef = 1058C7A1FEA54F0111CA2CBB /* Cocoa.framework */; };
/* End PBXBuildFile section */

/* Begin PBXFileReference section */
		089C165DFE840E0CC02AAC07 /* English */ = {isa = PBXFileReference; fileEncoding = 10; lastKnownFileType = text.plist.strings; name = English; path = English.lproj/InfoPlist.strings; sourceTree = "<group>"; };
		1058C7A1FEA54F0111CA2CBB /* Cocoa.framework */ = {isa = PBXFileReference; lastKnownFileType = wrapper.framework; name = Cocoa.framework; path = /System/Library/Frameworks/Cocoa.framework; sourceTree = "<absolute>"; };
		13E42FB307B3F0F600E4EEF1 /* CoreData.framework */ = {isa = PBXFileReference; lastKnownFileType = wrapper.framework; name = CoreData.framework; path = /System/Library/Frameworks/CoreData.framework; sourceTree = "<absolute>"; };
		1F0A29BE0AA26CE70052FE03 /* JMController.mm */ = {isa = PBXFileReference; fileEncoding = 30; lastKnownFileType = sourcecode.cpp.objcpp; path = JMController.mm; sourceTree = "<group>"; };
		1F16C58E0A9F691E002CDC4A /* QTMovieExtensions.h */ = {isa = PBXFileReference; fileEncoding = 30; lastKnownFileType = sourcecode.c.h; path = QTMovieExtensions.h; sourceTree = "<group>"; };
		1F16C58F0A9F691E002CDC4A /* QTMovieExtensions.m */ = {isa = PBXFileReference; fileEncoding = 30; lastKnownFileType = sourcecode.c.objc; path = QTMovieExtensions.m; sourceTree = "<group>"; };
		1F16C5D10A9F71AB002CDC4A /* QTKit.framework */ = {isa = PBXFileReference; lastKnownFileType = wrapper.framework; name = QTKit.framework; path = /System/Library/Frameworks/QTKit.framework; sourceTree = "<absolute>"; };
		1F16C5D20A9F71AB002CDC4A /* QuickTime.framework */ = {isa = PBXFileReference; lastKnownFileType = wrapper.framework; name = QuickTime.framework; path = /System/Library/Frameworks/QuickTime.framework; sourceTree = "<absolute>"; };
		1F16C6050A9F71BB002CDC4A /* CoreServices.framework */ = {isa = PBXFileReference; lastKnownFileType = wrapper.framework; name = CoreServices.framework; path = /System/Library/Frameworks/CoreServices.framework; sourceTree = "<absolute>"; };
		1F9AF0470AA2495B004BB7E4 /* emptyMovie.mov */ = {isa = PBXFileReference; lastKnownFileType = video.quicktime; path = emptyMovie.mov; sourceTree = "<group>"; };
		1FD17B350A9BD45800668490 /* jmlib.cpp */ = {isa = PBXFileReference; fileEncoding = 30; lastKnownFileType = sourcecode.cpp.cpp; path = jmlib.cpp; sourceTree = "<group>"; };
		1FD17B360A9BD45800668490 /* jmlib.h */ = {isa = PBXFileReference; fileEncoding = 30; lastKnownFileType = sourcecode.c.h; path = jmlib.h; sourceTree = "<group>"; };
		1FD17B370A9BD45800668490 /* jmlib_types.h */ = {isa = PBXFileReference; fileEncoding = 30; lastKnownFileType = sourcecode.c.h; path = jmlib_types.h; sourceTree = "<group>"; };
		1FD17B380A9BD45800668490 /* juggler.h */ = {isa = PBXFileReference; fileEncoding = 30; lastKnownFileType = sourcecode.c.h; path = juggler.h; sourceTree = "<group>"; };
		1FD17B3A0A9BD45800668490 /* patterns.cpp */ = {isa = PBXFileReference; fileEncoding = 30; lastKnownFileType = sourcecode.cpp.cpp; path = patterns.cpp; sourceTree = "<group>"; };
		1FD17B3B0A9BD45800668490 /* patterns.h */ = {isa = PBXFileReference; fileEncoding = 30; lastKnownFileType = sourcecode.c.h; path = patterns.h; sourceTree = "<group>"; };
		1FD17B3C0A9BD45800668490 /* prefs.cpp */ = {isa = PBXFileReference; fileEncoding = 30; lastKnownFileType = sourcecode.cpp.cpp; path = prefs.cpp; sourceTree = "<group>"; };
		1FD17B3D0A9BD45800668490 /* prefs.h */ = {isa = PBXFileReference; fileEncoding = 30; lastKnownFileType = sourcecode.c.h; path = prefs.h; sourceTree = "<group>"; };
		1FD17B3E0A9BD45800668490 /* randompatt.cpp */ = {isa = PBXFileReference; fileEncoding = 30; lastKnownFileType = sourcecode.cpp.cpp; path = randompatt.cpp; sourceTree = "<group>"; };
		1FD17B3F0A9BD45800668490 /* randompatt.h */ = {isa = PBXFileReference; fileEncoding = 30; lastKnownFileType = sourcecode.c.h; path = randompatt.h; sourceTree = "<group>"; };
		1FD17B410A9BD45800668490 /* util.cpp */ = {isa = PBXFileReference; fileEncoding = 30; lastKnownFileType = sourcecode.cpp.cpp; path = util.cpp; sourceTree = "<group>"; };
		1FD17B420A9BD45800668490 /* util.h */ = {isa = PBXFileReference; fileEncoding = 30; lastKnownFileType = sourcecode.c.h; path = util.h; sourceTree = "<group>"; };
		1FD17B430A9BD45800668490 /* validator.cpp */ = {isa = PBXFileReference; fileEncoding = 30; lastKnownFileType = sourcecode.cpp.cpp; path = validator.cpp; sourceTree = "<group>"; };
		1FD17B440A9BD45800668490 /* validator.h */ = {isa = PBXFileReference; fileEncoding = 30; lastKnownFileType = sourcecode.c.h; path = validator.h; sourceTree = "<group>"; };
		1FD17BB70A9BD85500668490 /* JMController.h */ = {isa = PBXFileReference; fileEncoding = 30; lastKnownFileType = sourcecode.c.h; path = JMController.h; sourceTree = "<group>"; };
		1FD17BBA0A9BD85D00668490 /* JMView.mm */ = {isa = PBXFileReference; fileEncoding = 30; lastKnownFileType = sourcecode.cpp.objcpp; path = JMView.mm; sourceTree = "<group>"; };
		1FD17BBB0A9BD85D00668490 /* JMView.h */ = {isa = PBXFileReference; fileEncoding = 30; lastKnownFileType = sourcecode.c.h; path = JMView.h; sourceTree = "<group>"; };
		1FD17CC40A9BFCCF00668490 /* JMInspector.nib */ = {isa = PBXFileReference; lastKnownFileType = wrapper.nib; path = JMInspector.nib; sourceTree = "<group>"; };
		1FD17D960A9C838A00668490 /* error.png */ = {isa = PBXFileReference; lastKnownFileType = image.png; path = error.png; sourceTree = "<group>"; };
		1FD17EC40A9CB6B300668490 /* error2.png */ = {isa = PBXFileReference; lastKnownFileType = image.png; path = error2.png; sourceTree = "<group>"; };
		1FD17EFD0A9CD0DA00668490 /* InstantTextField.h */ = {isa = PBXFileReference; fileEncoding = 30; lastKnownFileType = sourcecode.c.h; path = InstantTextField.h; sourceTree = "<group>"; };
		1FD17EFE0A9CD0DA00668490 /* InstantTextField.m */ = {isa = PBXFileReference; fileEncoding = 30; lastKnownFileType = sourcecode.c.objc; path = InstantTextField.m; sourceTree = "<group>"; };
		1FD17F070A9CD77C00668490 /* JuggleMaster.icns */ = {isa = PBXFileReference; lastKnownFileType = image.icns; path = JuggleMaster.icns; sourceTree = "<group>"; };
		29B97316FDCFA39411CA2CEA /* main.m */ = {isa = PBXFileReference; fileEncoding = 4; lastKnownFileType = sourcecode.c.objc; path = main.m; sourceTree = "<group>"; };
		29B97319FDCFA39411CA2CEA /* English */ = {isa = PBXFileReference; lastKnownFileType = wrapper.nib; name = English; path = English.lproj/MainMenu.nib; sourceTree = "<group>"; };
		29B97324FDCFA39411CA2CEA /* AppKit.framework */ = {isa = PBXFileReference; lastKnownFileType = wrapper.framework; name = AppKit.framework; path = /System/Library/Frameworks/AppKit.framework; sourceTree = "<absolute>"; };
		29B97325FDCFA39411CA2CEA /* Foundation.framework */ = {isa = PBXFileReference; lastKnownFileType = wrapper.framework; name = Foundation.framework; path = /System/Library/Frameworks/Foundation.framework; sourceTree = "<absolute>"; };
		32CA4F630368D1EE00C91783 /* jmcocoa_Prefix.pch */ = {isa = PBXFileReference; fileEncoding = 4; lastKnownFileType = sourcecode.c.h; path = jmcocoa_Prefix.pch; sourceTree = "<group>"; };
		8D1107310486CEB800E47090 /* Info.plist */ = {isa = PBXFileReference; fileEncoding = 4; lastKnownFileType = text.plist; path = Info.plist; sourceTree = "<group>"; };
		8D1107320486CEB800E47090 /* Juggle Master.app */ = {isa = PBXFileReference; explicitFileType = wrapper.application; includeInIndex = 0; path = "Juggle Master.app"; sourceTree = BUILT_PRODUCTS_DIR; };
/* End PBXFileReference section */

/* Begin PBXFrameworksBuildPhase section */
		8D11072E0486CEB800E47090 /* Frameworks */ = {
			isa = PBXFrameworksBuildPhase;
			buildActionMask = 2147483647;
			files = (
				8D11072F0486CEB800E47090 /* Cocoa.framework in Frameworks */,
				1F16C6030A9F71AB002CDC4A /* QTKit.framework in Frameworks */,
				1F16C6040A9F71AB002CDC4A /* QuickTime.framework in Frameworks */,
				1F16C6140A9F71BB002CDC4A /* CoreServices.framework in Frameworks */,
			);
			runOnlyForDeploymentPostprocessing = 0;
		};
/* End PBXFrameworksBuildPhase section */

/* Begin PBXGroup section */
		080E96DDFE201D6D7F000001 /* Classes */ = {
			isa = PBXGroup;
			children = (
				1F4D31B10A9D0BA4002B80C0 /* jmcocoa */,
				1FD17B340A9BD45800668490 /* jmlib */,
			);
			name = Classes;
			sourceTree = "<group>";
		};
		1058C7A0FEA54F0111CA2CBB /* Linked Frameworks */ = {
			isa = PBXGroup;
			children = (
				1F16C6050A9F71BB002CDC4A /* CoreServices.framework */,
				1F16C5D10A9F71AB002CDC4A /* QTKit.framework */,
				1F16C5D20A9F71AB002CDC4A /* QuickTime.framework */,
				1058C7A1FEA54F0111CA2CBB /* Cocoa.framework */,
			);
			name = "Linked Frameworks";
			sourceTree = "<group>";
		};
		1058C7A2FEA54F0111CA2CBB /* Other Frameworks */ = {
			isa = PBXGroup;
			children = (
				29B97324FDCFA39411CA2CEA /* AppKit.framework */,
				13E42FB307B3F0F600E4EEF1 /* CoreData.framework */,
				29B97325FDCFA39411CA2CEA /* Foundation.framework */,
			);
			name = "Other Frameworks";
			sourceTree = "<group>";
		};
		19C28FACFE9D520D11CA2CBB /* Products */ = {
			isa = PBXGroup;
			children = (
				8D1107320486CEB800E47090 /* Juggle Master.app */,
			);
			name = Products;
			sourceTree = "<group>";
		};
		1F4D31B10A9D0BA4002B80C0 /* jmcocoa */ = {
			isa = PBXGroup;
			children = (
				1FD17BB70A9BD85500668490 /* JMController.h */,
				1F0A29BE0AA26CE70052FE03 /* JMController.mm */,
				1FD17BBB0A9BD85D00668490 /* JMView.h */,
				1FD17BBA0A9BD85D00668490 /* JMView.mm */,
				1FD17EFD0A9CD0DA00668490 /* InstantTextField.h */,
				1FD17EFE0A9CD0DA00668490 /* InstantTextField.m */,
				1F16C58E0A9F691E002CDC4A /* QTMovieExtensions.h */,
				1F16C58F0A9F691E002CDC4A /* QTMovieExtensions.m */,
			);
			name = jmcocoa;
			sourceTree = "<group>";
		};
		1FD17B340A9BD45800668490 /* jmlib */ = {
			isa = PBXGroup;
			children = (
				1FD17B350A9BD45800668490 /* jmlib.cpp */,
				1FD17B360A9BD45800668490 /* jmlib.h */,
				1FD17B370A9BD45800668490 /* jmlib_types.h */,
				1FD17B380A9BD45800668490 /* juggler.h */,
				1FD17B3A0A9BD45800668490 /* patterns.cpp */,
				1FD17B3B0A9BD45800668490 /* patterns.h */,
				1FD17B3C0A9BD45800668490 /* prefs.cpp */,
				1FD17B3D0A9BD45800668490 /* prefs.h */,
				1FD17B3E0A9BD45800668490 /* randompatt.cpp */,
				1FD17B3F0A9BD45800668490 /* randompatt.h */,
				1FD17B410A9BD45800668490 /* util.cpp */,
				1FD17B420A9BD45800668490 /* util.h */,
				1FD17B430A9BD45800668490 /* validator.cpp */,
				1FD17B440A9BD45800668490 /* validator.h */,
			);
			name = jmlib;
			path = ../jmlib;
			sourceTree = SOURCE_ROOT;
		};
		29B97314FDCFA39411CA2CEA /* jmcocoa */ = {
			isa = PBXGroup;
			children = (
				080E96DDFE201D6D7F000001 /* Classes */,
				29B97315FDCFA39411CA2CEA /* Other Sources */,
				29B97317FDCFA39411CA2CEA /* Resources */,
				29B97323FDCFA39411CA2CEA /* Frameworks */,
				19C28FACFE9D520D11CA2CBB /* Products */,
			);
			name = jmcocoa;
			sourceTree = "<group>";
		};
		29B97315FDCFA39411CA2CEA /* Other Sources */ = {
			isa = PBXGroup;
			children = (
				32CA4F630368D1EE00C91783 /* jmcocoa_Prefix.pch */,
				29B97316FDCFA39411CA2CEA /* main.m */,
			);
			name = "Other Sources";
			sourceTree = "<group>";
		};
		29B97317FDCFA39411CA2CEA /* Resources */ = {
			isa = PBXGroup;
			children = (
				8D1107310486CEB800E47090 /* Info.plist */,
				1F9AF0470AA2495B004BB7E4 /* emptyMovie.mov */,
				1FD17D960A9C838A00668490 /* error.png */,
				1FD17F070A9CD77C00668490 /* JuggleMaster.icns */,
				1FD17EC40A9CB6B300668490 /* error2.png */,
				089C165CFE840E0CC02AAC07 /* InfoPlist.strings */,
				29B97318FDCFA39411CA2CEA /* MainMenu.nib */,
				1FD17CC40A9BFCCF00668490 /* JMInspector.nib */,
			);
			name = Resources;
			sourceTree = "<group>";
		};
		29B97323FDCFA39411CA2CEA /* Frameworks */ = {
			isa = PBXGroup;
			children = (
				1058C7A0FEA54F0111CA2CBB /* Linked Frameworks */,
				1058C7A2FEA54F0111CA2CBB /* Other Frameworks */,
			);
			name = Frameworks;
			sourceTree = "<group>";
		};
/* End PBXGroup section */

/* Begin PBXNativeTarget section */
		8D1107260486CEB800E47090 /* jmcocoa */ = {
			isa = PBXNativeTarget;
			buildConfigurationList = C01FCF4A08A954540054247B /* Build configuration list for PBXNativeTarget "jmcocoa" */;
			buildPhases = (
				8D1107290486CEB800E47090 /* Resources */,
				8D11072C0486CEB800E47090 /* Sources */,
				8D11072E0486CEB800E47090 /* Frameworks */,
			);
			buildRules = (
			);
			dependencies = (
			);
			name = jmcocoa;
			productInstallPath = "$(HOME)/Applications";
			productName = jmcocoa;
			productReference = 8D1107320486CEB800E47090 /* Juggle Master.app */;
			productType = "com.apple.product-type.application";
		};
/* End PBXNativeTarget section */

/* Begin PBXProject section */
		29B97313FDCFA39411CA2CEA /* Project object */ = {
			isa = PBXProject;
			buildConfigurationList = C01FCF4E08A954540054247B /* Build configuration list for PBXProject "jmcocoa" */;
			hasScannedForEncodings = 1;
			mainGroup = 29B97314FDCFA39411CA2CEA /* jmcocoa */;
			projectDirPath = "";
			targets = (
				8D1107260486CEB800E47090 /* jmcocoa */,
			);
		};
/* End PBXProject section */

/* Begin PBXResourcesBuildPhase section */
		8D1107290486CEB800E47090 /* Resources */ = {
			isa = PBXResourcesBuildPhase;
			buildActionMask = 2147483647;
			files = (
				8D11072A0486CEB800E47090 /* MainMenu.nib in Resources */,
				8D11072B0486CEB800E47090 /* InfoPlist.strings in Resources */,
				1FD17CC50A9BFCCF00668490 /* JMInspector.nib in Resources */,
				1FD17D970A9C838A00668490 /* error.png in Resources */,
				1FD17EC50A9CB6B300668490 /* error2.png in Resources */,
				1FD17F080A9CD77C00668490 /* JuggleMaster.icns in Resources */,
				1F9AF0480AA2495B004BB7E4 /* emptyMovie.mov in Resources */,
			);
			runOnlyForDeploymentPostprocessing = 0;
		};
/* End PBXResourcesBuildPhase section */

/* Begin PBXSourcesBuildPhase section */
		8D11072C0486CEB800E47090 /* Sources */ = {
			isa = PBXSourcesBuildPhase;
			buildActionMask = 2147483647;
			files = (
				8D11072D0486CEB800E47090 /* main.m in Sources */,
				1FD17BBC0A9BD85D00668490 /* JMView.mm in Sources */,
				1FD17E410A9C8E9E00668490 /* jmlib.cpp in Sources */,
				1FD17E420A9C8E9E00668490 /* patterns.cpp in Sources */,
				1FD17E430A9C8E9E00668490 /* prefs.cpp in Sources */,
				1FD17E440A9C8E9E00668490 /* randompatt.cpp in Sources */,
				1FD17E450A9C8E9E00668490 /* util.cpp in Sources */,
				1FD17E460A9C8E9E00668490 /* validator.cpp in Sources */,
				1FD17EFF0A9CD0DA00668490 /* InstantTextField.m in Sources */,
				1F9AEC740A9F7636004BB7E4 /* QTMovieExtensions.m in Sources */,
				1F0A29BF0AA26CE70052FE03 /* JMController.mm in Sources */,
			);
			runOnlyForDeploymentPostprocessing = 0;
		};
/* End PBXSourcesBuildPhase section */

/* Begin PBXVariantGroup section */
		089C165CFE840E0CC02AAC07 /* InfoPlist.strings */ = {
			isa = PBXVariantGroup;
			children = (
				089C165DFE840E0CC02AAC07 /* English */,
			);
			name = InfoPlist.strings;
			sourceTree = "<group>";
		};
		29B97318FDCFA39411CA2CEA /* MainMenu.nib */ = {
			isa = PBXVariantGroup;
			children = (
				29B97319FDCFA39411CA2CEA /* English */,
			);
			name = MainMenu.nib;
			sourceTree = "<group>";
		};
/* End PBXVariantGroup section */

/* Begin XCBuildConfiguration section */
		C01FCF4B08A954540054247B /* Debug */ = {
			isa = XCBuildConfiguration;
			buildSettings = {
				COPY_PHASE_STRIP = NO;
				DEBUG_INFORMATION_FORMAT = dwarf;
				FRAMEWORK_SEARCH_PATHS = (
					"$(inherited)",
					"$(FRAMEWORK_SEARCH_PATHS_QUOTED_1)",
				);
				FRAMEWORK_SEARCH_PATHS_QUOTED_1 = "\"$(SRCROOT)/build/Debug\"";
				GCC_DYNAMIC_NO_PIC = NO;
				GCC_ENABLE_FIX_AND_CONTINUE = YES;
				GCC_MODEL_TUNING = G5;
				GCC_OPTIMIZATION_LEVEL = 0;
				INFOPLIST_FILE = Info.plist;
				INSTALL_PATH = "$(HOME)/Applications";
				LIBRARY_SEARCH_PATHS = (
					"$(inherited)",
					"$(LIBRARY_SEARCH_PATHS_QUOTED_1)",
				);
				LIBRARY_SEARCH_PATHS_QUOTED_1 = "\"$(SRCROOT)/build/Debug\"";
				PREBINDING = NO;
				PRODUCT_NAME = "Juggle Master";
				WRAPPER_EXTENSION = app;
				ZERO_LINK = YES;
			};
			name = Debug;
		};
		C01FCF4C08A954540054247B /* Release */ = {
			isa = XCBuildConfiguration;
			buildSettings = {
				ARCHS = (
					ppc,
					i386,
				);
				DEBUG_INFORMATION_FORMAT = dwarf;
				FRAMEWORK_SEARCH_PATHS = (
					"$(inherited)",
					"$(FRAMEWORK_SEARCH_PATHS_QUOTED_1)",
				);
				FRAMEWORK_SEARCH_PATHS_QUOTED_1 = "\"$(SRCROOT)/build/Debug\"";
				GCC_GENERATE_DEBUGGING_SYMBOLS = NO;
				GCC_MODEL_TUNING = G5;
				INFOPLIST_FILE = Info.plist;
				INSTALL_PATH = "$(HOME)/Applications";
				LIBRARY_SEARCH_PATHS = (
					"$(inherited)",
					"$(LIBRARY_SEARCH_PATHS_QUOTED_1)",
				);
				LIBRARY_SEARCH_PATHS_QUOTED_1 = "\"$(SRCROOT)/build/Debug\"";
				PREBINDING = NO;
				PRODUCT_NAME = "Juggle Master";
				WRAPPER_EXTENSION = app;
			};
			name = Release;
		};
		C01FCF4F08A954540054247B /* Debug */ = {
			isa = XCBuildConfiguration;
			buildSettings = {
				GCC_WARN_ABOUT_RETURN_TYPE = YES;
				GCC_WARN_UNUSED_VARIABLE = YES;
				PREBINDING = NO;
				SDKROOT = /Developer/SDKs/MacOSX10.4u.sdk;
			};
			name = Debug;
		};
		C01FCF5008A954540054247B /* Release */ = {
			isa = XCBuildConfiguration;
			buildSettings = {
				GCC_WARN_ABOUT_RETURN_TYPE = YES;
				GCC_WARN_UNUSED_VARIABLE = YES;
				PREBINDING = NO;
				SDKROOT = /Developer/SDKs/MacOSX10.4u.sdk;
			};
			name = Release;
		};
/* End XCBuildConfiguration section */

/* Begin XCConfigurationList section */
		C01FCF4A08A954540054247B /* Build configuration list for PBXNativeTarget "jmcocoa" */ = {
			isa = XCConfigurationList;
			buildConfigurations = (
				C01FCF4B08A954540054247B /* Debug */,
				C01FCF4C08A954540054247B /* Release */,
			);
			defaultConfigurationIsVisible = 0;
			defaultConfigurationName = Release;
		};
		C01FCF4E08A954540054247B /* Build configuration list for PBXProject "jmcocoa" */ = {
			isa = XCConfigurationList;
			buildConfigurations = (
				C01FCF4F08A954540054247B /* Debug */,
				C01FCF5008A954540054247B /* Release */,
			);
			defaultConfigurationIsVisible = 0;
			defaultConfigurationName = Release;
		};
/* End XCConfigurationList section */
	};
	rootObject = 29B97313FDCFA39411CA2CEA /* Project object */;
}
