// !$*UTF8*$!
{
	archiveVersion = 1;
	classes = {
	};
	objectVersion = 45;
	objects = {

/* Begin PBXBuildFile section */
		1D60589F0D05DD5A006BFB54 /* Foundation.framework in Frameworks */ = {isa = PBXBuildFile; fileRef = 1D30AB110D05D00D00671497 /* Foundation.framework */; };
		1DF5F4E00D08C38300B7A737 /* UIKit.framework in Frameworks */ = {isa = PBXBuildFile; fileRef = 1DF5F4DF0D08C38300B7A737 /* UIKit.framework */; };
		28FD15000DC6FC520079059D /* OpenGLES.framework in Frameworks */ = {isa = PBXBuildFile; fileRef = 28FD14FF0DC6FC520079059D /* OpenGLES.framework */; };
		28FD15080DC6FC5B0079059D /* QuartzCore.framework in Frameworks */ = {isa = PBXBuildFile; fileRef = 28FD15070DC6FC5B0079059D /* QuartzCore.framework */; };
		CB55A24D1016DCB200D3DB4A /* patterns.db in Resources */ = {isa = PBXBuildFile; fileRef = CB55A24C1016DCB200D3DB4A /* patterns.db */; };
		CB99CE76100AD75300F68636 /* CoreGraphics.framework in Frameworks */ = {isa = PBXBuildFile; fileRef = CB99CE75100AD75300F68636 /* CoreGraphics.framework */; };
		CB99CFDA100B0C8600F68636 /* main_view.mm in Sources */ = {isa = PBXBuildFile; fileRef = CB99CFD7100B0C8600F68636 /* main_view.mm */; };
		CB99CFDB100B0C8600F68636 /* main_view_controller.mm in Sources */ = {isa = PBXBuildFile; fileRef = CB99CFD9100B0C8600F68636 /* main_view_controller.mm */; };
		CB99CFF9100B0D4B00F68636 /* settings_view.mm in Sources */ = {isa = PBXBuildFile; fileRef = CB99CFF6100B0D4B00F68636 /* settings_view.mm */; };
		CB99CFFA100B0D4B00F68636 /* settings_view_controller.mm in Sources */ = {isa = PBXBuildFile; fileRef = CB99CFF8100B0D4B00F68636 /* settings_view_controller.mm */; };
		CB99D015100B0E0900F68636 /* MainView.xib in Resources */ = {isa = PBXBuildFile; fileRef = CB99D012100B0E0900F68636 /* MainView.xib */; };
		CB99D016100B0E0900F68636 /* MainWindow.xib in Resources */ = {isa = PBXBuildFile; fileRef = CB99D013100B0E0900F68636 /* MainWindow.xib */; };
		CB99D017100B0E0900F68636 /* SettingsView.xib in Resources */ = {isa = PBXBuildFile; fileRef = CB99D014100B0E0900F68636 /* SettingsView.xib */; };
		CB99D02B100B1A8600F68636 /* EnterSiteView.xib in Resources */ = {isa = PBXBuildFile; fileRef = CB99D02A100B1A8600F68636 /* EnterSiteView.xib */; };
		CB99D0CB100B1CBB00F68636 /* enter_site_view_controller.mm in Sources */ = {isa = PBXBuildFile; fileRef = CB99D0CA100B1CBB00F68636 /* enter_site_view_controller.mm */; };
		CB99D0D2100B1D6F00F68636 /* enter_site_view.mm in Sources */ = {isa = PBXBuildFile; fileRef = CB99D0D1100B1D6F00F68636 /* enter_site_view.mm */; };
		CBD685910E29E53E008EDE01 /* app_delegate.mm in Sources */ = {isa = PBXBuildFile; fileRef = CBD6858E0E29E53E008EDE01 /* app_delegate.mm */; };
		CBD685920E29E53E008EDE01 /* eagl_view.mm in Sources */ = {isa = PBXBuildFile; fileRef = CBD685900E29E53E008EDE01 /* eagl_view.mm */; };
		CBD685C30E29E72D008EDE01 /* jmlib.cpp in Sources */ = {isa = PBXBuildFile; fileRef = CBD685AF0E29E72D008EDE01 /* jmlib.cpp */; };
		CBD685C40E29E72D008EDE01 /* jmlib_wrapper.cpp in Sources */ = {isa = PBXBuildFile; fileRef = CBD685B50E29E72D008EDE01 /* jmlib_wrapper.cpp */; };
		CBD685C50E29E72D008EDE01 /* patterns.cpp in Sources */ = {isa = PBXBuildFile; fileRef = CBD685B70E29E72D008EDE01 /* patterns.cpp */; };
		CBD685C60E29E72D008EDE01 /* randompatt.cpp in Sources */ = {isa = PBXBuildFile; fileRef = CBD685B90E29E72D008EDE01 /* randompatt.cpp */; };
		CBD685C70E29E72D008EDE01 /* render_jm_flat.cpp in Sources */ = {isa = PBXBuildFile; fileRef = CBD685BB0E29E72D008EDE01 /* render_jm_flat.cpp */; };
		CBD685C80E29E72D008EDE01 /* sqlite_patterns.cpp in Sources */ = {isa = PBXBuildFile; fileRef = CBD685BD0E29E72D008EDE01 /* sqlite_patterns.cpp */; };
		CBD685C90E29E72D008EDE01 /* util.cpp in Sources */ = {isa = PBXBuildFile; fileRef = CBD685BF0E29E72D008EDE01 /* util.cpp */; };
		CBD685CA0E29E72D008EDE01 /* validator.cpp in Sources */ = {isa = PBXBuildFile; fileRef = CBD685C10E29E72D008EDE01 /* validator.cpp */; };
		CBD685D00E29E7EB008EDE01 /* main.m in Sources */ = {isa = PBXBuildFile; fileRef = CBD685CF0E29E7EB008EDE01 /* main.m */; };
		CBD685D30E29E7FF008EDE01 /* glues.cpp in Sources */ = {isa = PBXBuildFile; fileRef = CBD685D10E29E7FF008EDE01 /* glues.cpp */; };
		CBD685E10E29E819008EDE01 /* engine.cpp in Sources */ = {isa = PBXBuildFile; fileRef = CBD685D40E29E819008EDE01 /* engine.cpp */; };
		CBD685E20E29E819008EDE01 /* gltrackball.cpp in Sources */ = {isa = PBXBuildFile; fileRef = CBD685D50E29E819008EDE01 /* gltrackball.cpp */; };
		CBD685E30E29E819008EDE01 /* jmlib_jsaver.cpp in Sources */ = {isa = PBXBuildFile; fileRef = CBD685D70E29E819008EDE01 /* jmlib_jsaver.cpp */; };
		CBD685E40E29E819008EDE01 /* js_patterns.cpp in Sources */ = {isa = PBXBuildFile; fileRef = CBD685D90E29E819008EDE01 /* js_patterns.cpp */; };
		CBD685E50E29E819008EDE01 /* js_validator.cpp in Sources */ = {isa = PBXBuildFile; fileRef = CBD685DB0E29E819008EDE01 /* js_validator.cpp */; };
		CBD685E60E29E819008EDE01 /* render.cpp in Sources */ = {isa = PBXBuildFile; fileRef = CBD685DE0E29E819008EDE01 /* render.cpp */; };
		CBD685E70E29E819008EDE01 /* trackball.cpp in Sources */ = {isa = PBXBuildFile; fileRef = CBD685DF0E29E819008EDE01 /* trackball.cpp */; };
		CBD685EB0E29E835008EDE01 /* sqlite3.c in Sources */ = {isa = PBXBuildFile; fileRef = CBD685E80E29E835008EDE01 /* sqlite3.c */; };
		CBD685FA0E29EA1D008EDE01 /* Icon.png in Resources */ = {isa = PBXBuildFile; fileRef = CBD685F90E29EA1D008EDE01 /* Icon.png */; };
/* End PBXBuildFile section */

/* Begin PBXFileReference section */
		1D30AB110D05D00D00671497 /* Foundation.framework */ = {isa = PBXFileReference; lastKnownFileType = wrapper.framework; name = Foundation.framework; path = System/Library/Frameworks/Foundation.framework; sourceTree = SDKROOT; };
		1D6058910D05DD3D006BFB54 /* JuggleMaster.app */ = {isa = PBXFileReference; explicitFileType = wrapper.application; includeInIndex = 0; path = JuggleMaster.app; sourceTree = BUILT_PRODUCTS_DIR; };
		1DF5F4DF0D08C38300B7A737 /* UIKit.framework */ = {isa = PBXFileReference; lastKnownFileType = wrapper.framework; name = UIKit.framework; path = System/Library/Frameworks/UIKit.framework; sourceTree = SDKROOT; };
		28FD14FF0DC6FC520079059D /* OpenGLES.framework */ = {isa = PBXFileReference; lastKnownFileType = wrapper.framework; name = OpenGLES.framework; path = System/Library/Frameworks/OpenGLES.framework; sourceTree = SDKROOT; };
		28FD15070DC6FC5B0079059D /* QuartzCore.framework */ = {isa = PBXFileReference; lastKnownFileType = wrapper.framework; name = QuartzCore.framework; path = System/Library/Frameworks/QuartzCore.framework; sourceTree = SDKROOT; };
		8D1107310486CEB800E47090 /* Info.plist */ = {isa = PBXFileReference; fileEncoding = 4; lastKnownFileType = text.plist.xml; path = Info.plist; sourceTree = "<group>"; };
		CB55A24C1016DCB200D3DB4A /* patterns.db */ = {isa = PBXFileReference; lastKnownFileType = file; name = patterns.db; path = resources/patterns.db; sourceTree = "<group>"; };
		CB99CE75100AD75300F68636 /* CoreGraphics.framework */ = {isa = PBXFileReference; lastKnownFileType = wrapper.framework; name = CoreGraphics.framework; path = System/Library/Frameworks/CoreGraphics.framework; sourceTree = SDKROOT; };
		CB99CFD6100B0C8600F68636 /* main_view.h */ = {isa = PBXFileReference; fileEncoding = 4; lastKnownFileType = sourcecode.c.h; name = main_view.h; path = src/main_view.h; sourceTree = SOURCE_ROOT; };
		CB99CFD7100B0C8600F68636 /* main_view.mm */ = {isa = PBXFileReference; fileEncoding = 4; lastKnownFileType = sourcecode.cpp.objcpp; name = main_view.mm; path = src/main_view.mm; sourceTree = SOURCE_ROOT; };
		CB99CFD8100B0C8600F68636 /* main_view_controller.h */ = {isa = PBXFileReference; fileEncoding = 4; lastKnownFileType = sourcecode.c.h; name = main_view_controller.h; path = src/main_view_controller.h; sourceTree = SOURCE_ROOT; };
		CB99CFD9100B0C8600F68636 /* main_view_controller.mm */ = {isa = PBXFileReference; fileEncoding = 4; lastKnownFileType = sourcecode.cpp.objcpp; name = main_view_controller.mm; path = src/main_view_controller.mm; sourceTree = SOURCE_ROOT; };
		CB99CFF5100B0D4B00F68636 /* settings_view.h */ = {isa = PBXFileReference; fileEncoding = 4; lastKnownFileType = sourcecode.c.h; name = settings_view.h; path = src/settings_view.h; sourceTree = SOURCE_ROOT; };
		CB99CFF6100B0D4B00F68636 /* settings_view.mm */ = {isa = PBXFileReference; fileEncoding = 4; lastKnownFileType = sourcecode.cpp.objcpp; name = settings_view.mm; path = src/settings_view.mm; sourceTree = SOURCE_ROOT; };
		CB99CFF7100B0D4B00F68636 /* settings_view_controller.h */ = {isa = PBXFileReference; fileEncoding = 4; lastKnownFileType = sourcecode.c.h; name = settings_view_controller.h; path = src/settings_view_controller.h; sourceTree = SOURCE_ROOT; };
		CB99CFF8100B0D4B00F68636 /* settings_view_controller.mm */ = {isa = PBXFileReference; fileEncoding = 4; lastKnownFileType = sourcecode.cpp.objcpp; name = settings_view_controller.mm; path = src/settings_view_controller.mm; sourceTree = SOURCE_ROOT; };
		CB99D012100B0E0900F68636 /* MainView.xib */ = {isa = PBXFileReference; lastKnownFileType = file.xib; name = MainView.xib; path = resources/MainView.xib; sourceTree = "<group>"; };
		CB99D013100B0E0900F68636 /* MainWindow.xib */ = {isa = PBXFileReference; lastKnownFileType = file.xib; name = MainWindow.xib; path = resources/MainWindow.xib; sourceTree = "<group>"; };
		CB99D014100B0E0900F68636 /* SettingsView.xib */ = {isa = PBXFileReference; lastKnownFileType = file.xib; name = SettingsView.xib; path = resources/SettingsView.xib; sourceTree = "<group>"; };
		CB99D02A100B1A8600F68636 /* EnterSiteView.xib */ = {isa = PBXFileReference; lastKnownFileType = file.xib; name = EnterSiteView.xib; path = resources/EnterSiteView.xib; sourceTree = "<group>"; };
		CB99D0C9100B1CBB00F68636 /* enter_site_view_controller.h */ = {isa = PBXFileReference; fileEncoding = 4; lastKnownFileType = sourcecode.c.h; name = enter_site_view_controller.h; path = src/enter_site_view_controller.h; sourceTree = SOURCE_ROOT; };
		CB99D0CA100B1CBB00F68636 /* enter_site_view_controller.mm */ = {isa = PBXFileReference; fileEncoding = 4; lastKnownFileType = sourcecode.cpp.objcpp; name = enter_site_view_controller.mm; path = src/enter_site_view_controller.mm; sourceTree = SOURCE_ROOT; };
		CB99D0D0100B1D6F00F68636 /* enter_site_view.h */ = {isa = PBXFileReference; fileEncoding = 4; lastKnownFileType = sourcecode.c.h; name = enter_site_view.h; path = src/enter_site_view.h; sourceTree = SOURCE_ROOT; };
		CB99D0D1100B1D6F00F68636 /* enter_site_view.mm */ = {isa = PBXFileReference; fileEncoding = 4; lastKnownFileType = sourcecode.cpp.objcpp; name = enter_site_view.mm; path = src/enter_site_view.mm; sourceTree = SOURCE_ROOT; };
		CBD6858D0E29E53E008EDE01 /* app_delegate.h */ = {isa = PBXFileReference; fileEncoding = 4; lastKnownFileType = sourcecode.c.h; name = app_delegate.h; path = src/app_delegate.h; sourceTree = SOURCE_ROOT; };
		CBD6858E0E29E53E008EDE01 /* app_delegate.mm */ = {isa = PBXFileReference; fileEncoding = 4; lastKnownFileType = sourcecode.cpp.objcpp; name = app_delegate.mm; path = src/app_delegate.mm; sourceTree = SOURCE_ROOT; };
		CBD6858F0E29E53E008EDE01 /* eagl_view.h */ = {isa = PBXFileReference; fileEncoding = 4; lastKnownFileType = sourcecode.c.h; name = eagl_view.h; path = src/eagl_view.h; sourceTree = SOURCE_ROOT; };
		CBD685900E29E53E008EDE01 /* eagl_view.mm */ = {isa = PBXFileReference; fileEncoding = 4; lastKnownFileType = sourcecode.cpp.objcpp; name = eagl_view.mm; path = src/eagl_view.mm; sourceTree = SOURCE_ROOT; };
		CBD685AF0E29E72D008EDE01 /* jmlib.cpp */ = {isa = PBXFileReference; explicitFileType = sourcecode.cpp.objcpp; fileEncoding = 4; name = jmlib.cpp; path = ../jmlib/jmlib.cpp; sourceTree = SOURCE_ROOT; };
		CBD685B00E29E72D008EDE01 /* jmlib.h */ = {isa = PBXFileReference; explicitFileType = sourcecode.c.h; fileEncoding = 4; name = jmlib.h; path = ../jmlib/jmlib.h; sourceTree = SOURCE_ROOT; };
		CBD685B10E29E72D008EDE01 /* jmlib_base.h */ = {isa = PBXFileReference; fileEncoding = 4; lastKnownFileType = sourcecode.c.h; name = jmlib_base.h; path = ../jmlib/jmlib_base.h; sourceTree = SOURCE_ROOT; };
		CBD685B20E29E72D008EDE01 /* jmlib_if.h */ = {isa = PBXFileReference; fileEncoding = 4; lastKnownFileType = sourcecode.c.h; name = jmlib_if.h; path = ../jmlib/jmlib_if.h; sourceTree = SOURCE_ROOT; };
		CBD685B30E29E72D008EDE01 /* jmlib_jugglemaster.h */ = {isa = PBXFileReference; fileEncoding = 4; lastKnownFileType = sourcecode.c.h; name = jmlib_jugglemaster.h; path = ../jmlib/jmlib_jugglemaster.h; sourceTree = SOURCE_ROOT; };
		CBD685B40E29E72D008EDE01 /* jmlib_types.h */ = {isa = PBXFileReference; fileEncoding = 4; lastKnownFileType = sourcecode.c.h; name = jmlib_types.h; path = ../jmlib/jmlib_types.h; sourceTree = SOURCE_ROOT; };
		CBD685B50E29E72D008EDE01 /* jmlib_wrapper.cpp */ = {isa = PBXFileReference; explicitFileType = sourcecode.cpp.objcpp; fileEncoding = 4; name = jmlib_wrapper.cpp; path = ../jmlib/jmlib_wrapper.cpp; sourceTree = SOURCE_ROOT; };
		CBD685B60E29E72D008EDE01 /* jmlib_wrapper.h */ = {isa = PBXFileReference; fileEncoding = 4; lastKnownFileType = sourcecode.c.h; name = jmlib_wrapper.h; path = ../jmlib/jmlib_wrapper.h; sourceTree = SOURCE_ROOT; };
		CBD685B70E29E72D008EDE01 /* patterns.cpp */ = {isa = PBXFileReference; explicitFileType = sourcecode.cpp.objcpp; fileEncoding = 4; name = patterns.cpp; path = ../jmlib/patterns.cpp; sourceTree = SOURCE_ROOT; };
		CBD685B80E29E72D008EDE01 /* patterns.h */ = {isa = PBXFileReference; fileEncoding = 4; lastKnownFileType = sourcecode.c.h; name = patterns.h; path = ../jmlib/patterns.h; sourceTree = SOURCE_ROOT; };
		CBD685B90E29E72D008EDE01 /* randompatt.cpp */ = {isa = PBXFileReference; explicitFileType = sourcecode.cpp.objcpp; fileEncoding = 4; name = randompatt.cpp; path = ../jmlib/randompatt.cpp; sourceTree = SOURCE_ROOT; };
		CBD685BA0E29E72D008EDE01 /* randompatt.h */ = {isa = PBXFileReference; fileEncoding = 4; lastKnownFileType = sourcecode.c.h; name = randompatt.h; path = ../jmlib/randompatt.h; sourceTree = SOURCE_ROOT; };
		CBD685BB0E29E72D008EDE01 /* render_jm_flat.cpp */ = {isa = PBXFileReference; explicitFileType = sourcecode.cpp.objcpp; fileEncoding = 4; name = render_jm_flat.cpp; path = ../jmlib/render_jm_flat.cpp; sourceTree = SOURCE_ROOT; };
		CBD685BC0E29E72D008EDE01 /* render_jm_flat.h */ = {isa = PBXFileReference; fileEncoding = 4; lastKnownFileType = sourcecode.c.h; name = render_jm_flat.h; path = ../jmlib/render_jm_flat.h; sourceTree = SOURCE_ROOT; };
		CBD685BD0E29E72D008EDE01 /* sqlite_patterns.cpp */ = {isa = PBXFileReference; explicitFileType = sourcecode.cpp.objcpp; fileEncoding = 4; name = sqlite_patterns.cpp; path = ../jmlib/sqlite_patterns.cpp; sourceTree = SOURCE_ROOT; };
		CBD685BE0E29E72D008EDE01 /* sqlite_patterns.h */ = {isa = PBXFileReference; fileEncoding = 4; lastKnownFileType = sourcecode.c.h; name = sqlite_patterns.h; path = ../jmlib/sqlite_patterns.h; sourceTree = SOURCE_ROOT; };
		CBD685BF0E29E72D008EDE01 /* util.cpp */ = {isa = PBXFileReference; explicitFileType = sourcecode.cpp.objcpp; fileEncoding = 4; name = util.cpp; path = ../jmlib/util.cpp; sourceTree = SOURCE_ROOT; };
		CBD685C00E29E72D008EDE01 /* util.h */ = {isa = PBXFileReference; fileEncoding = 4; lastKnownFileType = sourcecode.c.h; name = util.h; path = ../jmlib/util.h; sourceTree = SOURCE_ROOT; };
		CBD685C10E29E72D008EDE01 /* validator.cpp */ = {isa = PBXFileReference; explicitFileType = sourcecode.cpp.objcpp; fileEncoding = 4; name = validator.cpp; path = ../jmlib/validator.cpp; sourceTree = SOURCE_ROOT; };
		CBD685C20E29E72D008EDE01 /* validator.h */ = {isa = PBXFileReference; fileEncoding = 4; lastKnownFileType = sourcecode.c.h; name = validator.h; path = ../jmlib/validator.h; sourceTree = SOURCE_ROOT; };
		CBD685CE0E29E7EB008EDE01 /* jmtouch_Prefix.pch */ = {isa = PBXFileReference; fileEncoding = 4; lastKnownFileType = sourcecode.c.h; path = jmtouch_Prefix.pch; sourceTree = SOURCE_ROOT; };
		CBD685CF0E29E7EB008EDE01 /* main.m */ = {isa = PBXFileReference; fileEncoding = 4; lastKnownFileType = sourcecode.c.objc; path = main.m; sourceTree = SOURCE_ROOT; };
		CBD685D10E29E7FF008EDE01 /* glues.cpp */ = {isa = PBXFileReference; explicitFileType = sourcecode.cpp.objcpp; fileEncoding = 4; name = glues.cpp; path = ../jmlib/jugglesaver/opengl_es/glues.cpp; sourceTree = SOURCE_ROOT; };
		CBD685D20E29E7FF008EDE01 /* glues.h */ = {isa = PBXFileReference; fileEncoding = 4; lastKnownFileType = sourcecode.c.h; name = glues.h; path = ../jmlib/jugglesaver/opengl_es/glues.h; sourceTree = SOURCE_ROOT; };
		CBD685D40E29E819008EDE01 /* engine.cpp */ = {isa = PBXFileReference; explicitFileType = sourcecode.cpp.objcpp; fileEncoding = 4; name = engine.cpp; path = ../jmlib/jugglesaver/engine.cpp; sourceTree = SOURCE_ROOT; };
		CBD685D50E29E819008EDE01 /* gltrackball.cpp */ = {isa = PBXFileReference; explicitFileType = sourcecode.cpp.objcpp; fileEncoding = 4; name = gltrackball.cpp; path = ../jmlib/jugglesaver/gltrackball.cpp; sourceTree = SOURCE_ROOT; };
		CBD685D60E29E819008EDE01 /* gltrackball.h */ = {isa = PBXFileReference; fileEncoding = 4; lastKnownFileType = sourcecode.c.h; name = gltrackball.h; path = ../jmlib/jugglesaver/gltrackball.h; sourceTree = SOURCE_ROOT; };
		CBD685D70E29E819008EDE01 /* jmlib_jsaver.cpp */ = {isa = PBXFileReference; explicitFileType = sourcecode.cpp.objcpp; fileEncoding = 4; name = jmlib_jsaver.cpp; path = ../jmlib/jugglesaver/jmlib_jsaver.cpp; sourceTree = SOURCE_ROOT; };
		CBD685D80E29E819008EDE01 /* jmlib_jsaver.h */ = {isa = PBXFileReference; fileEncoding = 4; lastKnownFileType = sourcecode.c.h; name = jmlib_jsaver.h; path = ../jmlib/jugglesaver/jmlib_jsaver.h; sourceTree = SOURCE_ROOT; };
		CBD685D90E29E819008EDE01 /* js_patterns.cpp */ = {isa = PBXFileReference; explicitFileType = sourcecode.cpp.objcpp; fileEncoding = 4; name = js_patterns.cpp; path = ../jmlib/jugglesaver/js_patterns.cpp; sourceTree = SOURCE_ROOT; };
		CBD685DA0E29E819008EDE01 /* js_patterns.h */ = {isa = PBXFileReference; fileEncoding = 4; lastKnownFileType = sourcecode.c.h; name = js_patterns.h; path = ../jmlib/jugglesaver/js_patterns.h; sourceTree = SOURCE_ROOT; };
		CBD685DB0E29E819008EDE01 /* js_validator.cpp */ = {isa = PBXFileReference; explicitFileType = sourcecode.cpp.objcpp; fileEncoding = 4; name = js_validator.cpp; path = ../jmlib/jugglesaver/js_validator.cpp; sourceTree = SOURCE_ROOT; };
		CBD685DC0E29E819008EDE01 /* js_validator.h */ = {isa = PBXFileReference; fileEncoding = 4; lastKnownFileType = sourcecode.c.h; name = js_validator.h; path = ../jmlib/jugglesaver/js_validator.h; sourceTree = SOURCE_ROOT; };
		CBD685DD0E29E819008EDE01 /* jugglesaver.h */ = {isa = PBXFileReference; fileEncoding = 4; lastKnownFileType = sourcecode.c.h; name = jugglesaver.h; path = ../jmlib/jugglesaver/jugglesaver.h; sourceTree = SOURCE_ROOT; };
		CBD685DE0E29E819008EDE01 /* render.cpp */ = {isa = PBXFileReference; explicitFileType = sourcecode.cpp.objcpp; fileEncoding = 4; name = render.cpp; path = ../jmlib/jugglesaver/render.cpp; sourceTree = SOURCE_ROOT; };
		CBD685DF0E29E819008EDE01 /* trackball.cpp */ = {isa = PBXFileReference; explicitFileType = sourcecode.cpp.objcpp; fileEncoding = 4; name = trackball.cpp; path = ../jmlib/jugglesaver/trackball.cpp; sourceTree = SOURCE_ROOT; };
		CBD685E00E29E819008EDE01 /* trackball.h */ = {isa = PBXFileReference; fileEncoding = 4; lastKnownFileType = sourcecode.c.h; name = trackball.h; path = ../jmlib/jugglesaver/trackball.h; sourceTree = SOURCE_ROOT; };
		CBD685E80E29E835008EDE01 /* sqlite3.c */ = {isa = PBXFileReference; explicitFileType = sourcecode.c.objc; fileEncoding = 4; name = sqlite3.c; path = ../jmlib/sqlite/sqlite3.c; sourceTree = SOURCE_ROOT; };
		CBD685E90E29E835008EDE01 /* sqlite3.h */ = {isa = PBXFileReference; fileEncoding = 4; lastKnownFileType = sourcecode.c.h; name = sqlite3.h; path = ../jmlib/sqlite/sqlite3.h; sourceTree = SOURCE_ROOT; };
		CBD685EA0E29E835008EDE01 /* sqlite3ext.h */ = {isa = PBXFileReference; fileEncoding = 4; lastKnownFileType = sourcecode.c.h; name = sqlite3ext.h; path = ../jmlib/sqlite/sqlite3ext.h; sourceTree = SOURCE_ROOT; };
		CBD685F90E29EA1D008EDE01 /* Icon.png */ = {isa = PBXFileReference; lastKnownFileType = image.png; path = Icon.png; sourceTree = "<group>"; };
/* End PBXFileReference section */

/* Begin PBXFrameworksBuildPhase section */
		1D60588F0D05DD3D006BFB54 /* Frameworks */ = {
			isa = PBXFrameworksBuildPhase;
			buildActionMask = 2147483647;
			files = (
				1D60589F0D05DD5A006BFB54 /* Foundation.framework in Frameworks */,
				1DF5F4E00D08C38300B7A737 /* UIKit.framework in Frameworks */,
				28FD15000DC6FC520079059D /* OpenGLES.framework in Frameworks */,
				28FD15080DC6FC5B0079059D /* QuartzCore.framework in Frameworks */,
				CB99CE76100AD75300F68636 /* CoreGraphics.framework in Frameworks */,
			);
			runOnlyForDeploymentPostprocessing = 0;
		};
/* End PBXFrameworksBuildPhase section */

/* Begin PBXGroup section */
		080E96DDFE201D6D7F000001 /* src */ = {
			isa = PBXGroup;
			children = (
				CB99D0D0100B1D6F00F68636 /* enter_site_view.h */,
				CB99D0D1100B1D6F00F68636 /* enter_site_view.mm */,
				CB99D0C9100B1CBB00F68636 /* enter_site_view_controller.h */,
				CB99D0CA100B1CBB00F68636 /* enter_site_view_controller.mm */,
				CB99CFF5100B0D4B00F68636 /* settings_view.h */,
				CB99CFF6100B0D4B00F68636 /* settings_view.mm */,
				CB99CFF7100B0D4B00F68636 /* settings_view_controller.h */,
				CB99CFF8100B0D4B00F68636 /* settings_view_controller.mm */,
				CB99CFD6100B0C8600F68636 /* main_view.h */,
				CB99CFD7100B0C8600F68636 /* main_view.mm */,
				CB99CFD8100B0C8600F68636 /* main_view_controller.h */,
				CB99CFD9100B0C8600F68636 /* main_view_controller.mm */,
				CBD685CE0E29E7EB008EDE01 /* jmtouch_Prefix.pch */,
				CBD685CF0E29E7EB008EDE01 /* main.m */,
				CBD6858D0E29E53E008EDE01 /* app_delegate.h */,
				CBD6858E0E29E53E008EDE01 /* app_delegate.mm */,
				CBD6858F0E29E53E008EDE01 /* eagl_view.h */,
				CBD685900E29E53E008EDE01 /* eagl_view.mm */,
			);
			name = src;
			path = Classes;
			sourceTree = "<group>";
		};
		19C28FACFE9D520D11CA2CBB /* Products */ = {
			isa = PBXGroup;
			children = (
				1D6058910D05DD3D006BFB54 /* JuggleMaster.app */,
			);
			name = Products;
			sourceTree = "<group>";
		};
		29B97314FDCFA39411CA2CEA /* CustomTemplate */ = {
			isa = PBXGroup;
			children = (
				CBD685AC0E29E5B0008EDE01 /* jmlib */,
				080E96DDFE201D6D7F000001 /* src */,
				29B97317FDCFA39411CA2CEA /* Resources */,
				29B97323FDCFA39411CA2CEA /* Frameworks */,
				19C28FACFE9D520D11CA2CBB /* Products */,
			);
			name = CustomTemplate;
			sourceTree = "<group>";
		};
		29B97317FDCFA39411CA2CEA /* Resources */ = {
			isa = PBXGroup;
			children = (
				CB55A24C1016DCB200D3DB4A /* patterns.db */,
				CB99D02A100B1A8600F68636 /* EnterSiteView.xib */,
				CB99D012100B0E0900F68636 /* MainView.xib */,
				CB99D013100B0E0900F68636 /* MainWindow.xib */,
				CB99D014100B0E0900F68636 /* SettingsView.xib */,
				CBD685F90E29EA1D008EDE01 /* Icon.png */,
				8D1107310486CEB800E47090 /* Info.plist */,
			);
			name = Resources;
			sourceTree = "<group>";
		};
		29B97323FDCFA39411CA2CEA /* Frameworks */ = {
			isa = PBXGroup;
			children = (
				CB99CE75100AD75300F68636 /* CoreGraphics.framework */,
				28FD15070DC6FC5B0079059D /* QuartzCore.framework */,
				28FD14FF0DC6FC520079059D /* OpenGLES.framework */,
				1DF5F4DF0D08C38300B7A737 /* UIKit.framework */,
				1D30AB110D05D00D00671497 /* Foundation.framework */,
			);
			name = Frameworks;
			sourceTree = "<group>";
		};
		CBD685AC0E29E5B0008EDE01 /* jmlib */ = {
			isa = PBXGroup;
			children = (
				CBD685AD0E29E5B6008EDE01 /* jugglesaver */,
				CBD685AE0E29E5BD008EDE01 /* sqlite */,
				CBD685AF0E29E72D008EDE01 /* jmlib.cpp */,
				CBD685B00E29E72D008EDE01 /* jmlib.h */,
				CBD685B10E29E72D008EDE01 /* jmlib_base.h */,
				CBD685B20E29E72D008EDE01 /* jmlib_if.h */,
				CBD685B30E29E72D008EDE01 /* jmlib_jugglemaster.h */,
				CBD685B40E29E72D008EDE01 /* jmlib_types.h */,
				CBD685B50E29E72D008EDE01 /* jmlib_wrapper.cpp */,
				CBD685B60E29E72D008EDE01 /* jmlib_wrapper.h */,
				CBD685B70E29E72D008EDE01 /* patterns.cpp */,
				CBD685B80E29E72D008EDE01 /* patterns.h */,
				CBD685B90E29E72D008EDE01 /* randompatt.cpp */,
				CBD685BA0E29E72D008EDE01 /* randompatt.h */,
				CBD685BB0E29E72D008EDE01 /* render_jm_flat.cpp */,
				CBD685BC0E29E72D008EDE01 /* render_jm_flat.h */,
				CBD685BD0E29E72D008EDE01 /* sqlite_patterns.cpp */,
				CBD685BE0E29E72D008EDE01 /* sqlite_patterns.h */,
				CBD685BF0E29E72D008EDE01 /* util.cpp */,
				CBD685C00E29E72D008EDE01 /* util.h */,
				CBD685C10E29E72D008EDE01 /* validator.cpp */,
				CBD685C20E29E72D008EDE01 /* validator.h */,
			);
			name = jmlib;
			sourceTree = "<group>";
		};
		CBD685AD0E29E5B6008EDE01 /* jugglesaver */ = {
			isa = PBXGroup;
			children = (
				CBD685D40E29E819008EDE01 /* engine.cpp */,
				CBD685D50E29E819008EDE01 /* gltrackball.cpp */,
				CBD685D60E29E819008EDE01 /* gltrackball.h */,
				CBD685D70E29E819008EDE01 /* jmlib_jsaver.cpp */,
				CBD685D80E29E819008EDE01 /* jmlib_jsaver.h */,
				CBD685D90E29E819008EDE01 /* js_patterns.cpp */,
				CBD685DA0E29E819008EDE01 /* js_patterns.h */,
				CBD685DB0E29E819008EDE01 /* js_validator.cpp */,
				CBD685DC0E29E819008EDE01 /* js_validator.h */,
				CBD685DD0E29E819008EDE01 /* jugglesaver.h */,
				CBD685DE0E29E819008EDE01 /* render.cpp */,
				CBD685DF0E29E819008EDE01 /* trackball.cpp */,
				CBD685E00E29E819008EDE01 /* trackball.h */,
				CBD685CB0E29E7AA008EDE01 /* opengles */,
			);
			name = jugglesaver;
			sourceTree = "<group>";
		};
		CBD685AE0E29E5BD008EDE01 /* sqlite */ = {
			isa = PBXGroup;
			children = (
				CBD685E80E29E835008EDE01 /* sqlite3.c */,
				CBD685E90E29E835008EDE01 /* sqlite3.h */,
				CBD685EA0E29E835008EDE01 /* sqlite3ext.h */,
			);
			name = sqlite;
			sourceTree = "<group>";
		};
		CBD685CB0E29E7AA008EDE01 /* opengles */ = {
			isa = PBXGroup;
			children = (
				CBD685D10E29E7FF008EDE01 /* glues.cpp */,
				CBD685D20E29E7FF008EDE01 /* glues.h */,
			);
			name = opengles;
			sourceTree = "<group>";
		};
/* End PBXGroup section */

/* Begin PBXNativeTarget section */
		1D6058900D05DD3D006BFB54 /* jmtouch */ = {
			isa = PBXNativeTarget;
			buildConfigurationList = 1D6058960D05DD3E006BFB54 /* Build configuration list for PBXNativeTarget "jmtouch" */;
			buildPhases = (
				1D60588D0D05DD3D006BFB54 /* Resources */,
				1D60588E0D05DD3D006BFB54 /* Sources */,
				1D60588F0D05DD3D006BFB54 /* Frameworks */,
			);
			buildRules = (
			);
			dependencies = (
			);
			name = jmtouch;
			productName = jmtouch;
			productReference = 1D6058910D05DD3D006BFB54 /* JuggleMaster.app */;
			productType = "com.apple.product-type.application";
		};
/* End PBXNativeTarget section */

/* Begin PBXProject section */
		29B97313FDCFA39411CA2CEA /* Project object */ = {
			isa = PBXProject;
			buildConfigurationList = C01FCF4E08A954540054247B /* Build configuration list for PBXProject "jmtouch" */;
			compatibilityVersion = "Xcode 3.1";
			hasScannedForEncodings = 1;
			mainGroup = 29B97314FDCFA39411CA2CEA /* CustomTemplate */;
			projectDirPath = "";
			projectRoot = "";
			targets = (
				1D6058900D05DD3D006BFB54 /* jmtouch */,
			);
		};
/* End PBXProject section */

/* Begin PBXResourcesBuildPhase section */
		1D60588D0D05DD3D006BFB54 /* Resources */ = {
			isa = PBXResourcesBuildPhase;
			buildActionMask = 2147483647;
			files = (
				CBD685FA0E29EA1D008EDE01 /* Icon.png in Resources */,
				CB99D015100B0E0900F68636 /* MainView.xib in Resources */,
				CB99D016100B0E0900F68636 /* MainWindow.xib in Resources */,
				CB99D017100B0E0900F68636 /* SettingsView.xib in Resources */,
				CB99D02B100B1A8600F68636 /* EnterSiteView.xib in Resources */,
				CB55A24D1016DCB200D3DB4A /* patterns.db in Resources */,
			);
			runOnlyForDeploymentPostprocessing = 0;
		};
/* End PBXResourcesBuildPhase section */

/* Begin PBXSourcesBuildPhase section */
		1D60588E0D05DD3D006BFB54 /* Sources */ = {
			isa = PBXSourcesBuildPhase;
			buildActionMask = 2147483647;
			files = (
				CBD685910E29E53E008EDE01 /* app_delegate.mm in Sources */,
				CBD685920E29E53E008EDE01 /* eagl_view.mm in Sources */,
				CBD685C30E29E72D008EDE01 /* jmlib.cpp in Sources */,
				CBD685C40E29E72D008EDE01 /* jmlib_wrapper.cpp in Sources */,
				CBD685C50E29E72D008EDE01 /* patterns.cpp in Sources */,
				CBD685C60E29E72D008EDE01 /* randompatt.cpp in Sources */,
				CBD685C70E29E72D008EDE01 /* render_jm_flat.cpp in Sources */,
				CBD685C80E29E72D008EDE01 /* sqlite_patterns.cpp in Sources */,
				CBD685C90E29E72D008EDE01 /* util.cpp in Sources */,
				CBD685CA0E29E72D008EDE01 /* validator.cpp in Sources */,
				CBD685D00E29E7EB008EDE01 /* main.m in Sources */,
				CBD685D30E29E7FF008EDE01 /* glues.cpp in Sources */,
				CBD685E10E29E819008EDE01 /* engine.cpp in Sources */,
				CBD685E20E29E819008EDE01 /* gltrackball.cpp in Sources */,
				CBD685E30E29E819008EDE01 /* jmlib_jsaver.cpp in Sources */,
				CBD685E40E29E819008EDE01 /* js_patterns.cpp in Sources */,
				CBD685E50E29E819008EDE01 /* js_validator.cpp in Sources */,
				CBD685E60E29E819008EDE01 /* render.cpp in Sources */,
				CBD685E70E29E819008EDE01 /* trackball.cpp in Sources */,
				CBD685EB0E29E835008EDE01 /* sqlite3.c in Sources */,
				CB99CFDA100B0C8600F68636 /* main_view.mm in Sources */,
				CB99CFDB100B0C8600F68636 /* main_view_controller.mm in Sources */,
				CB99CFF9100B0D4B00F68636 /* settings_view.mm in Sources */,
				CB99CFFA100B0D4B00F68636 /* settings_view_controller.mm in Sources */,
				CB99D0CB100B1CBB00F68636 /* enter_site_view_controller.mm in Sources */,
				CB99D0D2100B1D6F00F68636 /* enter_site_view.mm in Sources */,
			);
			runOnlyForDeploymentPostprocessing = 0;
		};
/* End PBXSourcesBuildPhase section */

/* Begin XCBuildConfiguration section */
		1D6058940D05DD3E006BFB54 /* Debug */ = {
			isa = XCBuildConfiguration;
			buildSettings = {
				ALWAYS_SEARCH_USER_PATHS = NO;
				"CODE_SIGN_IDENTITY[sdk=iphoneos*]" = "iPhone Developer: Per Johan Groland";
				COPY_PHASE_STRIP = NO;
				GCC_DYNAMIC_NO_PIC = NO;
				GCC_OPTIMIZATION_LEVEL = 0;
				GCC_PRECOMPILE_PREFIX_HEADER = YES;
				GCC_PREFIX_HEADER = jmtouch_Prefix.pch;
				INFOPLIST_FILE = Info.plist;
				PRODUCT_NAME = JuggleMaster;
				"PROVISIONING_PROFILE[sdk=iphoneos*]" = "9AD133D7-5908-458E-B378-82E22EAA4CD7";
			};
			name = Debug;
		};
		1D6058950D05DD3E006BFB54 /* Release */ = {
			isa = XCBuildConfiguration;
			buildSettings = {
				ALWAYS_SEARCH_USER_PATHS = NO;
				COPY_PHASE_STRIP = YES;
				GCC_PRECOMPILE_PREFIX_HEADER = YES;
				GCC_PREFIX_HEADER = jmtouch_Prefix.pch;
				INFOPLIST_FILE = Info.plist;
				PRODUCT_NAME = jmtouch;
			};
			name = Release;
		};
		C01FCF4F08A954540054247B /* Debug */ = {
			isa = XCBuildConfiguration;
			buildSettings = {
				ARCHS = "$(ARCHS_STANDARD_32_BIT)";
				"CODE_SIGN_IDENTITY[sdk=iphoneos*]" = "iPhone Developer";
				GCC_C_LANGUAGE_STANDARD = c99;
				GCC_PREPROCESSOR_DEFINITIONS = (
					JUGGLESAVER_SUPPORT,
					__IPHONE__,
				);
				GCC_WARN_ABOUT_RETURN_TYPE = YES;
				GCC_WARN_UNUSED_VARIABLE = YES;
				ONLY_ACTIVE_ARCH = YES;
				PREBINDING = NO;
				SDKROOT = iphoneos2.0;
			};
			name = Debug;
		};
		C01FCF5008A954540054247B /* Release */ = {
			isa = XCBuildConfiguration;
			buildSettings = {
				ARCHS = "$(ARCHS_STANDARD_32_BIT)";
				"CODE_SIGN_IDENTITY[sdk=iphoneos*]" = "iPhone Developer";
				GCC_C_LANGUAGE_STANDARD = c99;
				GCC_WARN_ABOUT_RETURN_TYPE = YES;
				GCC_WARN_UNUSED_VARIABLE = YES;
				PREBINDING = NO;
				SDKROOT = iphoneos2.0;
			};
			name = Release;
		};
/* End XCBuildConfiguration section */

/* Begin XCConfigurationList section */
		1D6058960D05DD3E006BFB54 /* Build configuration list for PBXNativeTarget "jmtouch" */ = {
			isa = XCConfigurationList;
			buildConfigurations = (
				1D6058940D05DD3E006BFB54 /* Debug */,
				1D6058950D05DD3E006BFB54 /* Release */,
			);
			defaultConfigurationIsVisible = 0;
			defaultConfigurationName = Release;
		};
		C01FCF4E08A954540054247B /* Build configuration list for PBXProject "jmtouch" */ = {
			isa = XCConfigurationList;
			buildConfigurations = (
				C01FCF4F08A954540054247B /* Debug */,
				C01FCF5008A954540054247B /* Release */,
			);
			defaultConfigurationIsVisible = 0;
			defaultConfigurationName = Release;
		};
/* End XCConfigurationList section */
	};
	rootObject = 29B97313FDCFA39411CA2CEA /* Project object */;
}
